github.com/lif0/pkg/concurrency v1.1.0 h1:c54zoPFdejADQEioc1bg2ka7qeA2ola/wsY0nPE2trg=
github.com/lif0/pkg/concurrency v1.1.0/go.mod h1:ZvUKCutCVMLsMVm6WDVzeeNtp1bDW2XSgW1o+Q8rx5c=
github.com/lif0/pkg/utils v1.1.0 h1:6hdKAWA0BYlrzjFOBpF4H8Z2GW3nqF0myY9ok84jZ7w=
github.com/lif0/pkg/utils v1.1.0/go.mod h1:YBJ7yP0KF2X2FbJ6TSWelD2CvPHukS4LinzK/9bEuKE=
