github.com/davecgh/go-spew v1.1.1 h1:vj9j/u1bqnvCEfJOwUhtlOARqs3+rkHYY13jYWTU97c=
github.com/davecgh/go-spew v1.1.1/go.mod h1:J7Y8YcW2NihsgmVo/mv3lAwl/skON4iLHjSsI+c5H38=
github.com/lif0/go-gracefully v1.0.0 h1:0RFnToSAc+7qeAE0Rlmbt3BTItRKpzmgjaff8v5tlqs=
github.com/lif0/go-gracefully v1.0.0/go.mod h1:lpQX6ZBvxqXsjo6bHEOxr1Pvf6mk2A79KjyrpflQVLs=
github.com/lif0/pkg/concurrency v1.2.0 h1:cI9vW9eOhaXX3em5CIhKmAHmZNJHPWrkT7CvkEkzOtU=
github.com/lif0/pkg/concurrency v1.2.0/go.mod h1:ZvUKCutCVMLsMVm6WDVzeeNtp1bDW2XSgW1o+Q8rx5c=
github.com/lif0/pkg/utils v1.2.0 h1:kpjV+UwNk0VshopDUKfuhsFqq4/+1fBDSNkkcikrqfo=
github.com/lif0/pkg/utils v1.2.0/go.mod h1:G9bJvRHw8yYHj/Tbowm/iCchbx9vy/8j3/HG/+LTyZ8=
github.com/pmezard/go-difflib v1.0.0 h1:4DBwDE0NGyQoBHbLQYPwSUPoCMWR5BEzIk/f1lZbAQM=
github.com/pmezard/go-difflib v1.0.0/go.mod h1:iKH77koFhYxTK1pcRnkKkqfTogsbg7gZNVY4sRDYZ/4=
github.com/stretchr/testify v1.11.1 h1:7s2iGBzp5EwR7/aIZr8ao5+dra3wiQyKjjFuvgVKu7U=
github.com/stretchr/testify v1.11.1/go.mod h1:wZwfW3scLgRK+23gO65QZefKpKQRnfz6sD981Nm4B6U=
gopkg.in/yaml.v3 v3.0.1 h1:fxVm/GzAzEWqLHuvctI91KS9hhNmmWOoWu0XTYJS7CA=
gopkg.in/yaml.v3 v3.0.1/go.mod h1:K4uyk7z7BCEPqu6E+C64Yfv1cQ7kz7rIZviUmN+EgEM=
